
Microsoft Visual Studio Solution File, Format Version 12.00
# Visual Studio Version 17
VisualStudioVersion = 17.4.33213.308
MinimumVisualStudioVersion = 10.0.40219.1
Project("{FAE04EC0-301F-11D3-BF4B-00C04F79EFBC}") = "Tarea1_4.Android", "Tarea1_4.Android\Tarea1_4.Android.csproj", "{D98ED3BF-F2E7-41A1-BEB4-CC7488425207}"
EndProject
Project("{FAE04EC0-301F-11D3-BF4B-00C04F79EFBC}") = "Tarea1_4", "Tarea1_4\Tarea1_4.csproj", "{8677D1B7-52D9-47B2-9734-3A81C5FBD873}"
EndProject
Global
	GlobalSection(SolutionConfigurationPlatforms) = preSolution
		Debug|Any CPU = Debug|Any CPU
		Release|Any CPU = Release|Any CPU
	EndGlobalSection
	GlobalSection(ProjectConfigurationPlatforms) = postSolution
		{D98ED3BF-F2E7-41A1-BEB4-CC7488425207}.Debug|Any CPU.ActiveCfg = Debug|Any CPU
		{D98ED3BF-F2E7-41A1-BEB4-CC7488425207}.Debug|Any CPU.Build.0 = Debug|Any CPU
		{D98ED3BF-F2E7-41A1-BEB4-CC7488425207}.Debug|Any CPU.Deploy.0 = Debug|Any CPU
		{D98ED3BF-F2E7-41A1-BEB4-CC7488425207}.Release|Any CPU.ActiveCfg = Release|Any CPU
		{D98ED3BF-F2E7-41A1-BEB4-CC7488425207}.Release|Any CPU.Build.0 = Release|Any CPU
		{D98ED3BF-F2E7-41A1-BEB4-CC7488425207}.Release|Any CPU.Deploy.0 = Release|Any CPU
		{8677D1B7-52D9-47B2-9734-3A81C5FBD873}.Debug|Any CPU.ActiveCfg = Debug|Any CPU
		{8677D1B7-52D9-47B2-9734-3A81C5FBD873}.Debug|Any CPU.Build.0 = Debug|Any CPU
		{8677D1B7-52D9-47B2-9734-3A81C5FBD873}.Debug|Any CPU.Deploy.0 = Debug|Any CPU
		{8677D1B7-52D9-47B2-9734-3A81C5FBD873}.Release|Any CPU.ActiveCfg = Release|Any CPU
		{8677D1B7-52D9-47B2-9734-3A81C5FBD873}.Release|Any CPU.Build.0 = Release|Any CPU
		{8677D1B7-52D9-47B2-9734-3A81C5FBD873}.Release|Any CPU.Deploy.0 = Release|Any CPU
	EndGlobalSection
	GlobalSection(SolutionProperties) = preSolution
		HideSolutionNode = FALSE
	EndGlobalSection
	GlobalSection(ExtensibilityGlobals) = postSolution
		SolutionGuid = {2E736ECA-049F-46AD-A952-ECC86668E6ED}
	EndGlobalSection
EndGlobal
